
Microsoft Visual Studio Solution File, Format Version 12.00
Project("{FAE04EC0-301F-11D3-BF4B-00C04F79EFBC}") = "WypozyczalniaSprzetu", "WypozyczalniaSprzetu\WypozyczalniaSprzetu.csproj", "{A70300BD-CAF9-407A-8600-8D8A01CC210B}"
EndProject
Global
	GlobalSection(SolutionConfigurationPlatforms) = preSolution
		Debug|Any CPU = Debug|Any CPU
		Release|Any CPU = Release|Any CPU
	EndGlobalSection
	GlobalSection(ProjectConfigurationPlatforms) = postSolution
		{A70300BD-CAF9-407A-8600-8D8A01CC210B}.Debug|Any CPU.ActiveCfg = Debug|Any CPU
		{A70300BD-CAF9-407A-8600-8D8A01CC210B}.Debug|Any CPU.Build.0 = Debug|Any CPU
		{A70300BD-CAF9-407A-8600-8D8A01CC210B}.Release|Any CPU.ActiveCfg = Release|Any CPU
		{A70300BD-CAF9-407A-8600-8D8A01CC210B}.Release|Any CPU.Build.0 = Release|Any CPU
	EndGlobalSection
EndGlobal
